
Microsoft Visual Studio Solution File, Format Version 12.00
# Visual Studio Version 17
VisualStudioVersion = 17.12.35707.178 d17.12
MinimumVisualStudioVersion = 10.0.40219.1
Project("{FAE04EC0-301F-11D3-BF4B-00C04F79EFBC}") = "ProjectMapGroepsproject.WebApi", "ProjectMapGroepsproject.WebApi.csproj", "{FF21F812-C855-4338-B4AE-FBDA0A326730}"
EndProject
Global
	GlobalSection(SolutionConfigurationPlatforms) = preSolution
		Debug|Any CPU = Debug|Any CPU
		Release|Any CPU = Release|Any CPU
	EndGlobalSection
	GlobalSection(ProjectConfigurationPlatforms) = postSolution
		{FF21F812-C855-4338-B4AE-FBDA0A326730}.Debug|Any CPU.ActiveCfg = Debug|Any CPU
		{FF21F812-C855-4338-B4AE-FBDA0A326730}.Debug|Any CPU.Build.0 = Debug|Any CPU
		{FF21F812-C855-4338-B4AE-FBDA0A326730}.Release|Any CPU.ActiveCfg = Release|Any CPU
		{FF21F812-C855-4338-B4AE-FBDA0A326730}.Release|Any CPU.Build.0 = Release|Any CPU
	EndGlobalSection
	GlobalSection(SolutionProperties) = preSolution
		HideSolutionNode = FALSE
	EndGlobalSection
EndGlobal
